// !$*UTF8*$!
{
	archiveVersion = 1;
	classes = {
	};
	objectVersion = 46;
	objects = {

/* Begin PBXBuildFile section */
		652DCF961E58E28F006402E0 /* InstamemeCollectionViewCell.swift in Sources */ = {isa = PBXBuildFile; fileRef = 652DCF951E58E28F006402E0 /* InstamemeCollectionViewCell.swift */; };
		652DCF981E5CE295006402E0 /* ViewMemeViewController.swift in Sources */ = {isa = PBXBuildFile; fileRef = 652DCF971E5CE295006402E0 /* ViewMemeViewController.swift */; };
		6576100F1E5FB157005F858B /* InstamemeTableViewCell.swift in Sources */ = {isa = PBXBuildFile; fileRef = 6576100E1E5FB157005F858B /* InstamemeTableViewCell.swift */; };
		657DAAC91E4D067900B5F259 /* Impact.ttf in Resources */ = {isa = PBXBuildFile; fileRef = 657DAAC71E4D04C100B5F259 /* Impact.ttf */; };
		657DAACD1E4D0A7F00B5F259 /* SettingsViewController.swift in Sources */ = {isa = PBXBuildFile; fileRef = 657DAACC1E4D0A7F00B5F259 /* SettingsViewController.swift */; };
		657DAACF1E4D0BB000B5F259 /* Settings.swift in Sources */ = {isa = PBXBuildFile; fileRef = 657DAACE1E4D0BB000B5F259 /* Settings.swift */; };
		658B55591E57A9E300ECA6F4 /* InstamemeTableViewController.swift in Sources */ = {isa = PBXBuildFile; fileRef = 658B55581E57A9E300ECA6F4 /* InstamemeTableViewController.swift */; };
		658B555B1E57A9FC00ECA6F4 /* InstamemeCollectionViewController.swift in Sources */ = {isa = PBXBuildFile; fileRef = 658B555A1E57A9FC00ECA6F4 /* InstamemeCollectionViewController.swift */; };
		65AB01741E4ABBC700C5BD71 /* MemeTextFieldDelegate.swift in Sources */ = {isa = PBXBuildFile; fileRef = 65AB01731E4ABBC700C5BD71 /* MemeTextFieldDelegate.swift */; };
		65AB01761E4AC03C00C5BD71 /* KeyboardNotificationsExtension.swift in Sources */ = {isa = PBXBuildFile; fileRef = 65AB01751E4AC03C00C5BD71 /* KeyboardNotificationsExtension.swift */; };
		65AB01781E4AC26800C5BD71 /* InstamemeImagePickerDelegate.swift in Sources */ = {isa = PBXBuildFile; fileRef = 65AB01771E4AC26800C5BD71 /* InstamemeImagePickerDelegate.swift */; };
		65AB017A1E4ACA5500C5BD71 /* Meme.swift in Sources */ = {isa = PBXBuildFile; fileRef = 65AB01791E4ACA5500C5BD71 /* Meme.swift */; };
		65C914641E4AA6B000A11655 /* AppDelegate.swift in Sources */ = {isa = PBXBuildFile; fileRef = 65C914631E4AA6B000A11655 /* AppDelegate.swift */; };
		65C914661E4AA6B000A11655 /* InstamemeViewController.swift in Sources */ = {isa = PBXBuildFile; fileRef = 65C914651E4AA6B000A11655 /* InstamemeViewController.swift */; };
		65C914691E4AA6B000A11655 /* InstamemeMain.storyboard in Resources */ = {isa = PBXBuildFile; fileRef = 65C914671E4AA6B000A11655 /* InstamemeMain.storyboard */; };
		65C9146B1E4AA6B000A11655 /* Assets.xcassets in Resources */ = {isa = PBXBuildFile; fileRef = 65C9146A1E4AA6B000A11655 /* Assets.xcassets */; };
		65C9146E1E4AA6B000A11655 /* LaunchScreen.storyboard in Resources */ = {isa = PBXBuildFile; fileRef = 65C9146C1E4AA6B000A11655 /* LaunchScreen.storyboard */; };
		65C914791E4AA6B000A11655 /* InstamemeTests.swift in Sources */ = {isa = PBXBuildFile; fileRef = 65C914781E4AA6B000A11655 /* InstamemeTests.swift */; };
		65C914841E4AA6B000A11655 /* InstamemeUITests.swift in Sources */ = {isa = PBXBuildFile; fileRef = 65C914831E4AA6B000A11655 /* InstamemeUITests.swift */; };
		65E340A81E4FD5C100C8EA28 /* Death Star.otf in Resources */ = {isa = PBXBuildFile; fileRef = 65E340A71E4FD59300C8EA28 /* Death Star.otf */; };
/* End PBXBuildFile section */

/* Begin PBXContainerItemProxy section */
		65C914751E4AA6B000A11655 /* PBXContainerItemProxy */ = {
			isa = PBXContainerItemProxy;
			containerPortal = 65C914581E4AA6B000A11655 /* Project object */;
			proxyType = 1;
			remoteGlobalIDString = 65C9145F1E4AA6B000A11655;
			remoteInfo = Instameme;
		};
		65C914801E4AA6B000A11655 /* PBXContainerItemProxy */ = {
			isa = PBXContainerItemProxy;
			containerPortal = 65C914581E4AA6B000A11655 /* Project object */;
			proxyType = 1;
			remoteGlobalIDString = 65C9145F1E4AA6B000A11655;
			remoteInfo = Instameme;
		};
/* End PBXContainerItemProxy section */

/* Begin PBXFileReference section */
		652DCF951E58E28F006402E0 /* InstamemeCollectionViewCell.swift */ = {isa = PBXFileReference; fileEncoding = 4; lastKnownFileType = sourcecode.swift; path = InstamemeCollectionViewCell.swift; sourceTree = "<group>"; };
		652DCF971E5CE295006402E0 /* ViewMemeViewController.swift */ = {isa = PBXFileReference; fileEncoding = 4; lastKnownFileType = sourcecode.swift; path = ViewMemeViewController.swift; sourceTree = "<group>"; };
		6576100E1E5FB157005F858B /* InstamemeTableViewCell.swift */ = {isa = PBXFileReference; fileEncoding = 4; lastKnownFileType = sourcecode.swift; path = InstamemeTableViewCell.swift; sourceTree = "<group>"; };
		657DAAC71E4D04C100B5F259 /* Impact.ttf */ = {isa = PBXFileReference; lastKnownFileType = file; path = Impact.ttf; sourceTree = "<group>"; };
		657DAACC1E4D0A7F00B5F259 /* SettingsViewController.swift */ = {isa = PBXFileReference; fileEncoding = 4; lastKnownFileType = sourcecode.swift; path = SettingsViewController.swift; sourceTree = "<group>"; };
		657DAACE1E4D0BB000B5F259 /* Settings.swift */ = {isa = PBXFileReference; fileEncoding = 4; lastKnownFileType = sourcecode.swift; path = Settings.swift; sourceTree = "<group>"; };
		658B55581E57A9E300ECA6F4 /* InstamemeTableViewController.swift */ = {isa = PBXFileReference; fileEncoding = 4; lastKnownFileType = sourcecode.swift; path = InstamemeTableViewController.swift; sourceTree = "<group>"; };
		658B555A1E57A9FC00ECA6F4 /* InstamemeCollectionViewController.swift */ = {isa = PBXFileReference; fileEncoding = 4; lastKnownFileType = sourcecode.swift; path = InstamemeCollectionViewController.swift; sourceTree = "<group>"; };
		65AB01731E4ABBC700C5BD71 /* MemeTextFieldDelegate.swift */ = {isa = PBXFileReference; fileEncoding = 4; lastKnownFileType = sourcecode.swift; path = MemeTextFieldDelegate.swift; sourceTree = "<group>"; };
		65AB01751E4AC03C00C5BD71 /* KeyboardNotificationsExtension.swift */ = {isa = PBXFileReference; fileEncoding = 4; lastKnownFileType = sourcecode.swift; path = KeyboardNotificationsExtension.swift; sourceTree = "<group>"; };
		65AB01771E4AC26800C5BD71 /* InstamemeImagePickerDelegate.swift */ = {isa = PBXFileReference; fileEncoding = 4; lastKnownFileType = sourcecode.swift; path = InstamemeImagePickerDelegate.swift; sourceTree = "<group>"; };
		65AB01791E4ACA5500C5BD71 /* Meme.swift */ = {isa = PBXFileReference; fileEncoding = 4; lastKnownFileType = sourcecode.swift; path = Meme.swift; sourceTree = "<group>"; };
		65C914601E4AA6B000A11655 /* Instameme.app */ = {isa = PBXFileReference; explicitFileType = wrapper.application; includeInIndex = 0; path = Instameme.app; sourceTree = BUILT_PRODUCTS_DIR; };
		65C914631E4AA6B000A11655 /* AppDelegate.swift */ = {isa = PBXFileReference; lastKnownFileType = sourcecode.swift; path = AppDelegate.swift; sourceTree = "<group>"; };
		65C914651E4AA6B000A11655 /* InstamemeViewController.swift */ = {isa = PBXFileReference; lastKnownFileType = sourcecode.swift; path = InstamemeViewController.swift; sourceTree = "<group>"; };
		65C914681E4AA6B000A11655 /* Base */ = {isa = PBXFileReference; lastKnownFileType = file.storyboard; name = Base; path = Base.lproj/InstamemeMain.storyboard; sourceTree = "<group>"; };
		65C9146A1E4AA6B000A11655 /* Assets.xcassets */ = {isa = PBXFileReference; lastKnownFileType = folder.assetcatalog; path = Assets.xcassets; sourceTree = "<group>"; };
		65C9146D1E4AA6B000A11655 /* Base */ = {isa = PBXFileReference; lastKnownFileType = file.storyboard; name = Base; path = Base.lproj/LaunchScreen.storyboard; sourceTree = "<group>"; };
		65C9146F1E4AA6B000A11655 /* Info.plist */ = {isa = PBXFileReference; lastKnownFileType = text.plist.xml; path = Info.plist; sourceTree = "<group>"; };
		65C914741E4AA6B000A11655 /* InstamemeTests.xctest */ = {isa = PBXFileReference; explicitFileType = wrapper.cfbundle; includeInIndex = 0; path = InstamemeTests.xctest; sourceTree = BUILT_PRODUCTS_DIR; };
		65C914781E4AA6B000A11655 /* InstamemeTests.swift */ = {isa = PBXFileReference; lastKnownFileType = sourcecode.swift; path = InstamemeTests.swift; sourceTree = "<group>"; };
		65C9147A1E4AA6B000A11655 /* Info.plist */ = {isa = PBXFileReference; lastKnownFileType = text.plist.xml; path = Info.plist; sourceTree = "<group>"; };
		65C9147F1E4AA6B000A11655 /* InstamemeUITests.xctest */ = {isa = PBXFileReference; explicitFileType = wrapper.cfbundle; includeInIndex = 0; path = InstamemeUITests.xctest; sourceTree = BUILT_PRODUCTS_DIR; };
		65C914831E4AA6B000A11655 /* InstamemeUITests.swift */ = {isa = PBXFileReference; lastKnownFileType = sourcecode.swift; path = InstamemeUITests.swift; sourceTree = "<group>"; };
		65C914851E4AA6B000A11655 /* Info.plist */ = {isa = PBXFileReference; lastKnownFileType = text.plist.xml; path = Info.plist; sourceTree = "<group>"; };
		65E340A71E4FD59300C8EA28 /* Death Star.otf */ = {isa = PBXFileReference; lastKnownFileType = file; path = "Death Star.otf"; sourceTree = "<group>"; };
/* End PBXFileReference section */

/* Begin PBXFrameworksBuildPhase section */
		65C9145D1E4AA6B000A11655 /* Frameworks */ = {
			isa = PBXFrameworksBuildPhase;
			buildActionMask = 2147483647;
			files = (
			);
			runOnlyForDeploymentPostprocessing = 0;
		};
		65C914711E4AA6B000A11655 /* Frameworks */ = {
			isa = PBXFrameworksBuildPhase;
			buildActionMask = 2147483647;
			files = (
			);
			runOnlyForDeploymentPostprocessing = 0;
		};
		65C9147C1E4AA6B000A11655 /* Frameworks */ = {
			isa = PBXFrameworksBuildPhase;
			buildActionMask = 2147483647;
			files = (
			);
			runOnlyForDeploymentPostprocessing = 0;
		};
/* End PBXFrameworksBuildPhase section */

/* Begin PBXGroup section */
		6501EE551FC4859C00E62CD5 /* View */ = {
			isa = PBXGroup;
			children = (
				65C914671E4AA6B000A11655 /* InstamemeMain.storyboard */,
			);
			path = View;
			sourceTree = "<group>";
		};
		657DAAC81E4D065A00B5F259 /* Custom Fonts */ = {
			isa = PBXGroup;
			children = (
				657DAAC71E4D04C100B5F259 /* Impact.ttf */,
				65E340A71E4FD59300C8EA28 /* Death Star.otf */,
			);
			name = "Custom Fonts";
			sourceTree = "<group>";
		};
		658B555C1E57AA0A00ECA6F4 /* Creating Memes */ = {
			isa = PBXGroup;
			children = (
				65C914651E4AA6B000A11655 /* InstamemeViewController.swift */,
				657DAACC1E4D0A7F00B5F259 /* SettingsViewController.swift */,
			);
			name = "Creating Memes";
			sourceTree = "<group>";
		};
		658B555D1E57AA1500ECA6F4 /* Viewing Memes */ = {
			isa = PBXGroup;
			children = (
				652DCF951E58E28F006402E0 /* InstamemeCollectionViewCell.swift */,
				658B55581E57A9E300ECA6F4 /* InstamemeTableViewController.swift */,
				658B555A1E57A9FC00ECA6F4 /* InstamemeCollectionViewController.swift */,
			);
			name = "Viewing Memes";
			sourceTree = "<group>";
		};
		65AB017B1E4ACC3700C5BD71 /* Delegates and Extensions */ = {
			isa = PBXGroup;
			children = (
				65AB01771E4AC26800C5BD71 /* InstamemeImagePickerDelegate.swift */,
				65AB01751E4AC03C00C5BD71 /* KeyboardNotificationsExtension.swift */,
				65AB01731E4ABBC700C5BD71 /* MemeTextFieldDelegate.swift */,
			);
			name = "Delegates and Extensions";
			sourceTree = "<group>";
		};
		65AB017C1E4ACC4A00C5BD71 /* Controllers */ = {
			isa = PBXGroup;
			children = (
				6576100E1E5FB157005F858B /* InstamemeTableViewCell.swift */,
				652DCF971E5CE295006402E0 /* ViewMemeViewController.swift */,
				658B555C1E57AA0A00ECA6F4 /* Creating Memes */,
				658B555D1E57AA1500ECA6F4 /* Viewing Memes */,
			);
			name = Controllers;
			sourceTree = "<group>";
		};
		65AB017D1E4ACC5400C5BD71 /* Model */ = {
			isa = PBXGroup;
			children = (
				65AB01791E4ACA5500C5BD71 /* Meme.swift */,
				657DAACE1E4D0BB000B5F259 /* Settings.swift */,
			);
			name = Model;
			sourceTree = "<group>";
		};
		65C914571E4AA6B000A11655 = {
			isa = PBXGroup;
			children = (
				6501EE551FC4859C00E62CD5 /* View */,
				65C914621E4AA6B000A11655 /* Instameme */,
				65C914771E4AA6B000A11655 /* InstamemeTests */,
				65C914821E4AA6B000A11655 /* InstamemeUITests */,
				65C914611E4AA6B000A11655 /* Products */,
			);
			sourceTree = "<group>";
		};
		65C914611E4AA6B000A11655 /* Products */ = {
			isa = PBXGroup;
			children = (
				65C914601E4AA6B000A11655 /* Instameme.app */,
				65C914741E4AA6B000A11655 /* InstamemeTests.xctest */,
				65C9147F1E4AA6B000A11655 /* InstamemeUITests.xctest */,
			);
			name = Products;
			sourceTree = "<group>";
		};
		65C914621E4AA6B000A11655 /* Instameme */ = {
			isa = PBXGroup;
			children = (
				65C914631E4AA6B000A11655 /* AppDelegate.swift */,
				65AB017C1E4ACC4A00C5BD71 /* Controllers */,
				65AB017B1E4ACC3700C5BD71 /* Delegates and Extensions */,
				65AB017D1E4ACC5400C5BD71 /* Model */,
				65C9146A1E4AA6B000A11655 /* Assets.xcassets */,
				65C9146C1E4AA6B000A11655 /* LaunchScreen.storyboard */,
				657DAAC81E4D065A00B5F259 /* Custom Fonts */,
				65C9146F1E4AA6B000A11655 /* Info.plist */,
			);
			path = Instameme;
			sourceTree = "<group>";
		};
		65C914771E4AA6B000A11655 /* InstamemeTests */ = {
			isa = PBXGroup;
			children = (
				65C914781E4AA6B000A11655 /* InstamemeTests.swift */,
				65C9147A1E4AA6B000A11655 /* Info.plist */,
			);
			path = InstamemeTests;
			sourceTree = "<group>";
		};
		65C914821E4AA6B000A11655 /* InstamemeUITests */ = {
			isa = PBXGroup;
			children = (
				65C914831E4AA6B000A11655 /* InstamemeUITests.swift */,
				65C914851E4AA6B000A11655 /* Info.plist */,
			);
			path = InstamemeUITests;
			sourceTree = "<group>";
		};
/* End PBXGroup section */

/* Begin PBXNativeTarget section */
		65C9145F1E4AA6B000A11655 /* Instameme */ = {
			isa = PBXNativeTarget;
			buildConfigurationList = 65C914881E4AA6B000A11655 /* Build configuration list for PBXNativeTarget "Instameme" */;
			buildPhases = (
				65C9145C1E4AA6B000A11655 /* Sources */,
				65C9145D1E4AA6B000A11655 /* Frameworks */,
				65C9145E1E4AA6B000A11655 /* Resources */,
			);
			buildRules = (
			);
			dependencies = (
			);
			name = Instameme;
			productName = Instameme;
			productReference = 65C914601E4AA6B000A11655 /* Instameme.app */;
			productType = "com.apple.product-type.application";
		};
		65C914731E4AA6B000A11655 /* InstamemeTests */ = {
			isa = PBXNativeTarget;
			buildConfigurationList = 65C9148B1E4AA6B000A11655 /* Build configuration list for PBXNativeTarget "InstamemeTests" */;
			buildPhases = (
				65C914701E4AA6B000A11655 /* Sources */,
				65C914711E4AA6B000A11655 /* Frameworks */,
				65C914721E4AA6B000A11655 /* Resources */,
			);
			buildRules = (
			);
			dependencies = (
				65C914761E4AA6B000A11655 /* PBXTargetDependency */,
			);
			name = InstamemeTests;
			productName = InstamemeTests;
			productReference = 65C914741E4AA6B000A11655 /* InstamemeTests.xctest */;
			productType = "com.apple.product-type.bundle.unit-test";
		};
		65C9147E1E4AA6B000A11655 /* InstamemeUITests */ = {
			isa = PBXNativeTarget;
			buildConfigurationList = 65C9148E1E4AA6B000A11655 /* Build configuration list for PBXNativeTarget "InstamemeUITests" */;
			buildPhases = (
				65C9147B1E4AA6B000A11655 /* Sources */,
				65C9147C1E4AA6B000A11655 /* Frameworks */,
				65C9147D1E4AA6B000A11655 /* Resources */,
			);
			buildRules = (
			);
			dependencies = (
				65C914811E4AA6B000A11655 /* PBXTargetDependency */,
			);
			name = InstamemeUITests;
			productName = InstamemeUITests;
			productReference = 65C9147F1E4AA6B000A11655 /* InstamemeUITests.xctest */;
			productType = "com.apple.product-type.bundle.ui-testing";
		};
/* End PBXNativeTarget section */

/* Begin PBXProject section */
		65C914581E4AA6B000A11655 /* Project object */ = {
			isa = PBXProject;
			attributes = {
				LastSwiftUpdateCheck = 0820;
				LastUpgradeCheck = 0910;
				ORGANIZATIONNAME = "Daniel Pratt";
				TargetAttributes = {
					65C9145F1E4AA6B000A11655 = {
						CreatedOnToolsVersion = 8.2.1;
						DevelopmentTeam = ZJ769HHQS2;
						LastSwiftMigration = 0910;
						ProvisioningStyle = Automatic;
					};
					65C914731E4AA6B000A11655 = {
						CreatedOnToolsVersion = 8.2.1;
						DevelopmentTeam = ZJ769HHQS2;
						LastSwiftMigration = 0910;
						ProvisioningStyle = Automatic;
						TestTargetID = 65C9145F1E4AA6B000A11655;
					};
					65C9147E1E4AA6B000A11655 = {
						CreatedOnToolsVersion = 8.2.1;
						DevelopmentTeam = ZJ769HHQS2;
						LastSwiftMigration = 0910;
						ProvisioningStyle = Automatic;
						TestTargetID = 65C9145F1E4AA6B000A11655;
					};
				};
			};
			buildConfigurationList = 65C9145B1E4AA6B000A11655 /* Build configuration list for PBXProject "Instameme" */;
			compatibilityVersion = "Xcode 3.2";
			developmentRegion = English;
			hasScannedForEncodings = 0;
			knownRegions = (
				en,
				Base,
			);
			mainGroup = 65C914571E4AA6B000A11655;
			productRefGroup = 65C914611E4AA6B000A11655 /* Products */;
			projectDirPath = "";
			projectRoot = "";
			targets = (
				65C9145F1E4AA6B000A11655 /* Instameme */,
				65C914731E4AA6B000A11655 /* InstamemeTests */,
				65C9147E1E4AA6B000A11655 /* InstamemeUITests */,
			);
		};
/* End PBXProject section */

/* Begin PBXResourcesBuildPhase section */
		65C9145E1E4AA6B000A11655 /* Resources */ = {
			isa = PBXResourcesBuildPhase;
			buildActionMask = 2147483647;
			files = (
				65E340A81E4FD5C100C8EA28 /* Death Star.otf in Resources */,
				657DAAC91E4D067900B5F259 /* Impact.ttf in Resources */,
				65C9146E1E4AA6B000A11655 /* LaunchScreen.storyboard in Resources */,
				65C9146B1E4AA6B000A11655 /* Assets.xcassets in Resources */,
				65C914691E4AA6B000A11655 /* InstamemeMain.storyboard in Resources */,
			);
			runOnlyForDeploymentPostprocessing = 0;
		};
		65C914721E4AA6B000A11655 /* Resources */ = {
			isa = PBXResourcesBuildPhase;
			buildActionMask = 2147483647;
			files = (
			);
			runOnlyForDeploymentPostprocessing = 0;
		};
		65C9147D1E4AA6B000A11655 /* Resources */ = {
			isa = PBXResourcesBuildPhase;
			buildActionMask = 2147483647;
			files = (
			);
			runOnlyForDeploymentPostprocessing = 0;
		};
/* End PBXResourcesBuildPhase section */

/* Begin PBXSourcesBuildPhase section */
		65C9145C1E4AA6B000A11655 /* Sources */ = {
			isa = PBXSourcesBuildPhase;
			buildActionMask = 2147483647;
			files = (
				65C914661E4AA6B000A11655 /* InstamemeViewController.swift in Sources */,
				652DCF981E5CE295006402E0 /* ViewMemeViewController.swift in Sources */,
				65AB01781E4AC26800C5BD71 /* InstamemeImagePickerDelegate.swift in Sources */,
				657DAACF1E4D0BB000B5F259 /* Settings.swift in Sources */,
				657DAACD1E4D0A7F00B5F259 /* SettingsViewController.swift in Sources */,
				65AB01741E4ABBC700C5BD71 /* MemeTextFieldDelegate.swift in Sources */,
				65AB017A1E4ACA5500C5BD71 /* Meme.swift in Sources */,
				658B555B1E57A9FC00ECA6F4 /* InstamemeCollectionViewController.swift in Sources */,
				65C914641E4AA6B000A11655 /* AppDelegate.swift in Sources */,
				652DCF961E58E28F006402E0 /* InstamemeCollectionViewCell.swift in Sources */,
				6576100F1E5FB157005F858B /* InstamemeTableViewCell.swift in Sources */,
				65AB01761E4AC03C00C5BD71 /* KeyboardNotificationsExtension.swift in Sources */,
				658B55591E57A9E300ECA6F4 /* InstamemeTableViewController.swift in Sources */,
			);
			runOnlyForDeploymentPostprocessing = 0;
		};
		65C914701E4AA6B000A11655 /* Sources */ = {
			isa = PBXSourcesBuildPhase;
			buildActionMask = 2147483647;
			files = (
				65C914791E4AA6B000A11655 /* InstamemeTests.swift in Sources */,
			);
			runOnlyForDeploymentPostprocessing = 0;
		};
		65C9147B1E4AA6B000A11655 /* Sources */ = {
			isa = PBXSourcesBuildPhase;
			buildActionMask = 2147483647;
			files = (
				65C914841E4AA6B000A11655 /* InstamemeUITests.swift in Sources */,
			);
			runOnlyForDeploymentPostprocessing = 0;
		};
/* End PBXSourcesBuildPhase section */

/* Begin PBXTargetDependency section */
		65C914761E4AA6B000A11655 /* PBXTargetDependency */ = {
			isa = PBXTargetDependency;
			target = 65C9145F1E4AA6B000A11655 /* Instameme */;
			targetProxy = 65C914751E4AA6B000A11655 /* PBXContainerItemProxy */;
		};
		65C914811E4AA6B000A11655 /* PBXTargetDependency */ = {
			isa = PBXTargetDependency;
			target = 65C9145F1E4AA6B000A11655 /* Instameme */;
			targetProxy = 65C914801E4AA6B000A11655 /* PBXContainerItemProxy */;
		};
/* End PBXTargetDependency section */

/* Begin PBXVariantGroup section */
		65C914671E4AA6B000A11655 /* InstamemeMain.storyboard */ = {
			isa = PBXVariantGroup;
			children = (
				65C914681E4AA6B000A11655 /* Base */,
			);
			name = InstamemeMain.storyboard;
			sourceTree = "<group>";
		};
		65C9146C1E4AA6B000A11655 /* LaunchScreen.storyboard */ = {
			isa = PBXVariantGroup;
			children = (
				65C9146D1E4AA6B000A11655 /* Base */,
			);
			name = LaunchScreen.storyboard;
			sourceTree = "<group>";
		};
/* End PBXVariantGroup section */

/* Begin XCBuildConfiguration section */
		65C914861E4AA6B000A11655 /* Debug */ = {
			isa = XCBuildConfiguration;
			buildSettings = {
				ALWAYS_SEARCH_USER_PATHS = NO;
				CLANG_ANALYZER_NONNULL = YES;
				CLANG_CXX_LANGUAGE_STANDARD = "gnu++0x";
				CLANG_CXX_LIBRARY = "libc++";
				CLANG_ENABLE_MODULES = YES;
				CLANG_ENABLE_OBJC_ARC = YES;
				CLANG_WARN_BLOCK_CAPTURE_AUTORELEASING = YES;
				CLANG_WARN_BOOL_CONVERSION = YES;
				CLANG_WARN_COMMA = YES;
				CLANG_WARN_CONSTANT_CONVERSION = YES;
				CLANG_WARN_DIRECT_OBJC_ISA_USAGE = YES_ERROR;
				CLANG_WARN_DOCUMENTATION_COMMENTS = YES;
				CLANG_WARN_EMPTY_BODY = YES;
				CLANG_WARN_ENUM_CONVERSION = YES;
				CLANG_WARN_INFINITE_RECURSION = YES;
				CLANG_WARN_INT_CONVERSION = YES;
				CLANG_WARN_NON_LITERAL_NULL_CONVERSION = YES;
				CLANG_WARN_OBJC_LITERAL_CONVERSION = YES;
				CLANG_WARN_OBJC_ROOT_CLASS = YES_ERROR;
				CLANG_WARN_RANGE_LOOP_ANALYSIS = YES;
				CLANG_WARN_STRICT_PROTOTYPES = YES;
				CLANG_WARN_SUSPICIOUS_MOVE = YES;
				CLANG_WARN_UNREACHABLE_CODE = YES;
				CLANG_WARN__DUPLICATE_METHOD_MATCH = YES;
				"CODE_SIGN_IDENTITY[sdk=iphoneos*]" = "iPhone Developer";
				COPY_PHASE_STRIP = NO;
				DEBUG_INFORMATION_FORMAT = dwarf;
				ENABLE_STRICT_OBJC_MSGSEND = YES;
				ENABLE_TESTABILITY = YES;
				GCC_C_LANGUAGE_STANDARD = gnu99;
				GCC_DYNAMIC_NO_PIC = NO;
				GCC_NO_COMMON_BLOCKS = YES;
				GCC_OPTIMIZATION_LEVEL = 0;
				GCC_PREPROCESSOR_DEFINITIONS = (
					"DEBUG=1",
					"$(inherited)",
				);
				GCC_WARN_64_TO_32_BIT_CONVERSION = YES;
				GCC_WARN_ABOUT_RETURN_TYPE = YES_ERROR;
				GCC_WARN_UNDECLARED_SELECTOR = YES;
				GCC_WARN_UNINITIALIZED_AUTOS = YES_AGGRESSIVE;
				GCC_WARN_UNUSED_FUNCTION = YES;
				GCC_WARN_UNUSED_VARIABLE = YES;
				IPHONEOS_DEPLOYMENT_TARGET = 10.2;
				MTL_ENABLE_DEBUG_INFO = YES;
				ONLY_ACTIVE_ARCH = YES;
				SDKROOT = iphoneos;
				SWIFT_ACTIVE_COMPILATION_CONDITIONS = DEBUG;
				SWIFT_OPTIMIZATION_LEVEL = "-Onone";
				TARGETED_DEVICE_FAMILY = "1,2";
			};
			name = Debug;
		};
		65C914871E4AA6B000A11655 /* Release */ = {
			isa = XCBuildConfiguration;
			buildSettings = {
				ALWAYS_SEARCH_USER_PATHS = NO;
				CLANG_ANALYZER_NONNULL = YES;
				CLANG_CXX_LANGUAGE_STANDARD = "gnu++0x";
				CLANG_CXX_LIBRARY = "libc++";
				CLANG_ENABLE_MODULES = YES;
				CLANG_ENABLE_OBJC_ARC = YES;
				CLANG_WARN_BLOCK_CAPTURE_AUTORELEASING = YES;
				CLANG_WARN_BOOL_CONVERSION = YES;
				CLANG_WARN_COMMA = YES;
				CLANG_WARN_CONSTANT_CONVERSION = YES;
				CLANG_WARN_DIRECT_OBJC_ISA_USAGE = YES_ERROR;
				CLANG_WARN_DOCUMENTATION_COMMENTS = YES;
				CLANG_WARN_EMPTY_BODY = YES;
				CLANG_WARN_ENUM_CONVERSION = YES;
				CLANG_WARN_INFINITE_RECURSION = YES;
				CLANG_WARN_INT_CONVERSION = YES;
				CLANG_WARN_NON_LITERAL_NULL_CONVERSION = YES;
				CLANG_WARN_OBJC_LITERAL_CONVERSION = YES;
				CLANG_WARN_OBJC_ROOT_CLASS = YES_ERROR;
				CLANG_WARN_RANGE_LOOP_ANALYSIS = YES;
				CLANG_WARN_STRICT_PROTOTYPES = YES;
				CLANG_WARN_SUSPICIOUS_MOVE = YES;
				CLANG_WARN_UNREACHABLE_CODE = YES;
				CLANG_WARN__DUPLICATE_METHOD_MATCH = YES;
				"CODE_SIGN_IDENTITY[sdk=iphoneos*]" = "iPhone Developer";
				COPY_PHASE_STRIP = NO;
				DEBUG_INFORMATION_FORMAT = "dwarf-with-dsym";
				ENABLE_NS_ASSERTIONS = NO;
				ENABLE_STRICT_OBJC_MSGSEND = YES;
				GCC_C_LANGUAGE_STANDARD = gnu99;
				GCC_NO_COMMON_BLOCKS = YES;
				GCC_WARN_64_TO_32_BIT_CONVERSION = YES;
				GCC_WARN_ABOUT_RETURN_TYPE = YES_ERROR;
				GCC_WARN_UNDECLARED_SELECTOR = YES;
				GCC_WARN_UNINITIALIZED_AUTOS = YES_AGGRESSIVE;
				GCC_WARN_UNUSED_FUNCTION = YES;
				GCC_WARN_UNUSED_VARIABLE = YES;
				IPHONEOS_DEPLOYMENT_TARGET = 10.2;
				MTL_ENABLE_DEBUG_INFO = NO;
				SDKROOT = iphoneos;
				SWIFT_OPTIMIZATION_LEVEL = "-Owholemodule";
				TARGETED_DEVICE_FAMILY = "1,2";
				VALIDATE_PRODUCT = YES;
			};
			name = Release;
		};
		65C914891E4AA6B000A11655 /* Debug */ = {
			isa = XCBuildConfiguration;
			buildSettings = {
				ASSETCATALOG_COMPILER_APPICON_NAME = AppIcon;
				DEVELOPMENT_TEAM = ZJ769HHQS2;
				INFOPLIST_FILE = Instameme/Info.plist;
				LD_RUNPATH_SEARCH_PATHS = "$(inherited) @executable_path/Frameworks";
				PRODUCT_BUNDLE_IDENTIFIER = com.blaumagier.Instameme;
				PRODUCT_NAME = "$(TARGET_NAME)";
				SWIFT_SWIFT3_OBJC_INFERENCE = Default;
				SWIFT_VERSION = 4.0;
			};
			name = Debug;
		};
		65C9148A1E4AA6B000A11655 /* Release */ = {
			isa = XCBuildConfiguration;
			buildSettings = {
				ASSETCATALOG_COMPILER_APPICON_NAME = AppIcon;
				DEVELOPMENT_TEAM = ZJ769HHQS2;
				INFOPLIST_FILE = Instameme/Info.plist;
				LD_RUNPATH_SEARCH_PATHS = "$(inherited) @executable_path/Frameworks";
				PRODUCT_BUNDLE_IDENTIFIER = com.blaumagier.Instameme;
				PRODUCT_NAME = "$(TARGET_NAME)";
				SWIFT_SWIFT3_OBJC_INFERENCE = Default;
				SWIFT_VERSION = 4.0;
			};
			name = Release;
		};
		65C9148C1E4AA6B000A11655 /* Debug */ = {
			isa = XCBuildConfiguration;
			buildSettings = {
				ALWAYS_EMBED_SWIFT_STANDARD_LIBRARIES = YES;
				BUNDLE_LOADER = "$(TEST_HOST)";
				DEVELOPMENT_TEAM = ZJ769HHQS2;
				INFOPLIST_FILE = InstamemeTests/Info.plist;
				LD_RUNPATH_SEARCH_PATHS = "$(inherited) @executable_path/Frameworks @loader_path/Frameworks";
				PRODUCT_BUNDLE_IDENTIFIER = com.blaumagier.InstamemeTests;
				PRODUCT_NAME = "$(TARGET_NAME)";
				SWIFT_SWIFT3_OBJC_INFERENCE = Default;
				SWIFT_VERSION = 4.0;
				TEST_HOST = "$(BUILT_PRODUCTS_DIR)/Instameme.app/Instameme";
			};
			name = Debug;
		};
		65C9148D1E4AA6B000A11655 /* Release */ = {
			isa = XCBuildConfiguration;
			buildSettings = {
				ALWAYS_EMBED_SWIFT_STANDARD_LIBRARIES = YES;
				BUNDLE_LOADER = "$(TEST_HOST)";
				DEVELOPMENT_TEAM = ZJ769HHQS2;
				INFOPLIST_FILE = InstamemeTests/Info.plist;
				LD_RUNPATH_SEARCH_PATHS = "$(inherited) @executable_path/Frameworks @loader_path/Frameworks";
				PRODUCT_BUNDLE_IDENTIFIER = com.blaumagier.InstamemeTests;
				PRODUCT_NAME = "$(TARGET_NAME)";
				SWIFT_SWIFT3_OBJC_INFERENCE = Default;
				SWIFT_VERSION = 4.0;
				TEST_HOST = "$(BUILT_PRODUCTS_DIR)/Instameme.app/Instameme";
			};
			name = Release;
		};
		65C9148F1E4AA6B000A11655 /* Debug */ = {
			isa = XCBuildConfiguration;
			buildSettings = {
				ALWAYS_EMBED_SWIFT_STANDARD_LIBRARIES = YES;
				DEVELOPMENT_TEAM = ZJ769HHQS2;
				INFOPLIST_FILE = InstamemeUITests/Info.plist;
				LD_RUNPATH_SEARCH_PATHS = "$(inherited) @executable_path/Frameworks @loader_path/Frameworks";
				PRODUCT_BUNDLE_IDENTIFIER = com.blaumagier.InstamemeUITests;
				PRODUCT_NAME = "$(TARGET_NAME)";
				SWIFT_SWIFT3_OBJC_INFERENCE = Default;
				SWIFT_VERSION = 4.0;
				TEST_TARGET_NAME = Instameme;
			};
			name = Debug;
		};
		65C914901E4AA6B000A11655 /* Release */ = {
			isa = XCBuildConfiguration;
			buildSettings = {
				ALWAYS_EMBED_SWIFT_STANDARD_LIBRARIES = YES;
				DEVELOPMENT_TEAM = ZJ769HHQS2;
				INFOPLIST_FILE = InstamemeUITests/Info.plist;
				LD_RUNPATH_SEARCH_PATHS = "$(inherited) @executable_path/Frameworks @loader_path/Frameworks";
				PRODUCT_BUNDLE_IDENTIFIER = com.blaumagier.InstamemeUITests;
				PRODUCT_NAME = "$(TARGET_NAME)";
				SWIFT_SWIFT3_OBJC_INFERENCE = Default;
				SWIFT_VERSION = 4.0;
				TEST_TARGET_NAME = Instameme;
			};
			name = Release;
		};
/* End XCBuildConfiguration section */

/* Begin XCConfigurationList section */
		65C9145B1E4AA6B000A11655 /* Build configuration list for PBXProject "Instameme" */ = {
			isa = XCConfigurationList;
			buildConfigurations = (
				65C914861E4AA6B000A11655 /* Debug */,
				65C914871E4AA6B000A11655 /* Release */,
			);
			defaultConfigurationIsVisible = 0;
			defaultConfigurationName = Release;
		};
		65C914881E4AA6B000A11655 /* Build configuration list for PBXNativeTarget "Instameme" */ = {
			isa = XCConfigurationList;
			buildConfigurations = (
				65C914891E4AA6B000A11655 /* Debug */,
				65C9148A1E4AA6B000A11655 /* Release */,
			);
			defaultConfigurationIsVisible = 0;
			defaultConfigurationName = Release;
		};
		65C9148B1E4AA6B000A11655 /* Build configuration list for PBXNativeTarget "InstamemeTests" */ = {
			isa = XCConfigurationList;
			buildConfigurations = (
				65C9148C1E4AA6B000A11655 /* Debug */,
				65C9148D1E4AA6B000A11655 /* Release */,
			);
			defaultConfigurationIsVisible = 0;
			defaultConfigurationName = Release;
		};
		65C9148E1E4AA6B000A11655 /* Build configuration list for PBXNativeTarget "InstamemeUITests" */ = {
			isa = XCConfigurationList;
			buildConfigurations = (
				65C9148F1E4AA6B000A11655 /* Debug */,
				65C914901E4AA6B000A11655 /* Release */,
			);
			defaultConfigurationIsVisible = 0;
			defaultConfigurationName = Release;
		};
/* End XCConfigurationList section */
	};
	rootObject = 65C914581E4AA6B000A11655 /* Project object */;
}
